
Microsoft Visual Studio Solution File, Format Version 12.00
# Visual Studio Version 17
VisualStudioVersion = 17.9.34728.123
MinimumVisualStudioVersion = 10.0.40219.1
Project("{888888A0-9F3D-457C-B088-3A5042F75D52}") = "spxVoltMap", "spxVoltMap.pyproj", "{316341AD-2F26-413B-905E-6BE449A019CA}"
EndProject
Global
	GlobalSection(SolutionConfigurationPlatforms) = preSolution
		Debug|Any CPU = Debug|Any CPU
		Release|Any CPU = Release|Any CPU
	EndGlobalSection
	GlobalSection(ProjectConfigurationPlatforms) = postSolution
		{316341AD-2F26-413B-905E-6BE449A019CA}.Debug|Any CPU.ActiveCfg = Debug|Any CPU
		{316341AD-2F26-413B-905E-6BE449A019CA}.Release|Any CPU.ActiveCfg = Release|Any CPU
	EndGlobalSection
	GlobalSection(SolutionProperties) = preSolution
		HideSolutionNode = FALSE
	EndGlobalSection
	GlobalSection(ExtensibilityGlobals) = postSolution
		SolutionGuid = {C3D4DF46-C43D-4F79-AA27-1938FEA1AEA8}
	EndGlobalSection
EndGlobal
